
Microsoft Visual Studio Solution File, Format Version 12.00
# Visual Studio 15
VisualStudioVersion = 15.0.28307.572
MinimumVisualStudioVersion = 10.0.40219.1
Project("{FAE04EC0-301F-11D3-BF4B-00C04F79EFBC}") = "AHBCTDD", "AHBCTDD.csproj", "{8606242D-CA52-4D73-88F6-9274DD31AB2B}"
EndProject
Project("{FAE04EC0-301F-11D3-BF4B-00C04F79EFBC}") = "TestProject", "..\TestProject\TestProject.csproj", "{D2E642A1-C652-483E-98D9-4195260C8058}"
EndProject
Global
	GlobalSection(SolutionConfigurationPlatforms) = preSolution
		Debug|Any CPU = Debug|Any CPU
		Release|Any CPU = Release|Any CPU
	EndGlobalSection
	GlobalSection(ProjectConfigurationPlatforms) = postSolution
		{8606242D-CA52-4D73-88F6-9274DD31AB2B}.Debug|Any CPU.ActiveCfg = Debug|Any CPU
		{8606242D-CA52-4D73-88F6-9274DD31AB2B}.Debug|Any CPU.Build.0 = Debug|Any CPU
		{8606242D-CA52-4D73-88F6-9274DD31AB2B}.Release|Any CPU.ActiveCfg = Release|Any CPU
		{8606242D-CA52-4D73-88F6-9274DD31AB2B}.Release|Any CPU.Build.0 = Release|Any CPU
		{D2E642A1-C652-483E-98D9-4195260C8058}.Debug|Any CPU.ActiveCfg = Debug|Any CPU
		{D2E642A1-C652-483E-98D9-4195260C8058}.Debug|Any CPU.Build.0 = Debug|Any CPU
		{D2E642A1-C652-483E-98D9-4195260C8058}.Release|Any CPU.ActiveCfg = Release|Any CPU
		{D2E642A1-C652-483E-98D9-4195260C8058}.Release|Any CPU.Build.0 = Release|Any CPU
	EndGlobalSection
	GlobalSection(SolutionProperties) = preSolution
		HideSolutionNode = FALSE
	EndGlobalSection
	GlobalSection(ExtensibilityGlobals) = postSolution
		SolutionGuid = {4CFF4AB9-2A9A-4754-B2B9-FEA24BC3BB56}
	EndGlobalSection
EndGlobal
